/* Begin PBXProject section */
		83CFC1FF1D30000000000000 /* Project object */ = {
			isa = PBXProject;
			attributes = {
				LastUpgradeCheck = 1500;
				ORGANIZATIONNAME = React Native;
				TargetAttributes = {
					29B97313F132221011CA2262 /* biz-flow */ = {
						CreatedOnToolsVersion = 15.0;
						DevelopmentTeam = ;
					};
				};
			};
			buildConfigurationList = 83CF95DD1ED0000000000000 /* Build configuration list for PBXProject "AwesomeProject" */;
			compatibilityVersion = "Xcode 14.3";
			developmentRegion = en;
			hasScannedForEncodings = 0;
			knownRegions = (
				en,
				Base,
			);
			mainGroup = 83CF95D91E30000000000000;
			productRefGroup = 83CF95E31E30000000000000 /* Products */;
			projectDirPath = "";
			projectRoot = "";
			targets = (
				29B97313F132221011CA2262 /* biz-flow */,
			);
		};
/* End PBXProject section */

/* Begin PBXNativeTarget section */
		29B97313F132221011CA2262 /* biz-flow */ = {
			isa = PBXNativeTarget;
			buildConfigurationList = 29B9734BF132221011CA2262 /* Build configuration list for PBXNativeTarget "AwesomeProject" */;
			buildPhases = (
				29B9731BF132221011CA2262 /* Resources */,
				29B9733DF132221011CA2262 /* Compile Sources */,
				29B97347F132221011CA2262 /* Link Binary With Libraries */,
				29B97348F132221011CA2262 /* Embed Frameworks */,
				29B97349F132221011CA2262 /* Embed App Extensions */,
			);
			buildRules = (
			);
			dependencies = (
			);
			name = "biz-flow";
			productName = "biz-flow";
			productReference = 29B97314F132221011CA2262 /* biz-flow.app */;
			productType = "com.apple.product-type.application";
		};
/* End PBXNativeTarget section */